
Microsoft Visual Studio Solution File, Format Version 12.00
# Visual Studio 2012
Project("{FAE04EC0-301F-11D3-BF4B-00C04F79EFBC}") = "DockablePaneSample", "DockablePaneSample\DockablePaneSample.csproj", "{0BDD1D9E-831C-4F76-9581-714444495068}"
EndProject
Global
	GlobalSection(SolutionConfigurationPlatforms) = preSolution
		Debug|Any CPU = Debug|Any CPU
		Release|Any CPU = Release|Any CPU
	EndGlobalSection
	GlobalSection(ProjectConfigurationPlatforms) = postSolution
		{0BDD1D9E-831C-4F76-9581-714444495068}.Debug|Any CPU.ActiveCfg = Debug|Any CPU
		{0BDD1D9E-831C-4F76-9581-714444495068}.Debug|Any CPU.Build.0 = Debug|Any CPU
		{0BDD1D9E-831C-4F76-9581-714444495068}.Release|Any CPU.ActiveCfg = Release|Any CPU
		{0BDD1D9E-831C-4F76-9581-714444495068}.Release|Any CPU.Build.0 = Release|Any CPU
	EndGlobalSection
	GlobalSection(SolutionProperties) = preSolution
		HideSolutionNode = FALSE
	EndGlobalSection
EndGlobal
